// !$*UTF8*$!
{
	archiveVersion = 1;
	classes = {
	};
	objectVersion = 46;
	objects = {

/* Begin PBXBuildFile section */
		283FB6D61A2BF484000FC993 /* main.cpp in Sources */ = {isa = PBXBuildFile; fileRef = 283FB6D51A2BF484000FC993 /* main.cpp */; };
/* End PBXBuildFile section */

/* Begin PBXCopyFilesBuildPhase section */
		283FB6D01A2BF484000FC993 /* CopyFiles */ = {
			isa = PBXCopyFilesBuildPhase;
			buildActionMask = 2147483647;
			dstPath = /usr/share/man/man1/;
			dstSubfolderSpec = 0;
			files = (
			);
			runOnlyForDeploymentPostprocessing = 1;
		};
/* End PBXCopyFilesBuildPhase section */

/* Begin PBXFileReference section */
		283FB6D21A2BF484000FC993 /* CSI2372-Final-Project */ = {isa = PBXFileReference; explicitFileType = "compiled.mach-o.executable"; includeInIndex = 0; path = "CSI2372-Final-Project"; sourceTree = BUILT_PRODUCTS_DIR; };
		283FB6D51A2BF484000FC993 /* main.cpp */ = {isa = PBXFileReference; lastKnownFileType = sourcecode.cpp.cpp; path = main.cpp; sourceTree = "<group>"; };
/* End PBXFileReference section */

/* Begin PBXFrameworksBuildPhase section */
		283FB6CF1A2BF484000FC993 /* Frameworks */ = {
			isa = PBXFrameworksBuildPhase;
			buildActionMask = 2147483647;
			files = (
			);
			runOnlyForDeploymentPostprocessing = 0;
		};
/* End PBXFrameworksBuildPhase section */

/* Begin PBXGroup section */
		283FB6C91A2BF484000FC993 = {
			isa = PBXGroup;
			children = (
				283FB6D41A2BF484000FC993 /* CSI2372-Final-Project */,
				283FB6D31A2BF484000FC993 /* Products */,
			);
			sourceTree = "<group>";
		};
		283FB6D31A2BF484000FC993 /* Products */ = {
			isa = PBXGroup;
			children = (
				283FB6D21A2BF484000FC993 /* CSI2372-Final-Project */,
			);
			name = Products;
			sourceTree = "<group>";
		};
		283FB6D41A2BF484000FC993 /* CSI2372-Final-Project */ = {
			isa = PBXGroup;
			children = (
				283FB6D51A2BF484000FC993 /* main.cpp */,
			);
			path = "CSI2372-Final-Project";
			sourceTree = "<group>";
		};
/* End PBXGroup section */

/* Begin PBXNativeTarget section */
		283FB6D11A2BF484000FC993 /* CSI2372-Final-Project */ = {
			isa = PBXNativeTarget;
			buildConfigurationList = 283FB6D91A2BF484000FC993 /* Build configuration list for PBXNativeTarget "CSI2372-Final-Project" */;
			buildPhases = (
				283FB6CE1A2BF484000FC993 /* Sources */,
				283FB6CF1A2BF484000FC993 /* Frameworks */,
				283FB6D01A2BF484000FC993 /* CopyFiles */,
			);
			buildRules = (
			);
			dependencies = (
			);
			name = "CSI2372-Final-Project";
			productName = "CSI2372-Final-Project";
			productReference = 283FB6D21A2BF484000FC993 /* CSI2372-Final-Project */;
			productType = "com.apple.product-type.tool";
		};
/* End PBXNativeTarget section */

/* Begin PBXProject section */
		283FB6CA1A2BF484000FC993 /* Project object */ = {
			isa = PBXProject;
			attributes = {
				LastUpgradeCheck = 0610;
				ORGANIZATIONNAME = "Nick Burgel";
				TargetAttributes = {
					283FB6D11A2BF484000FC993 = {
						CreatedOnToolsVersion = 6.1;
					};
				};
			};
			buildConfigurationList = 283FB6CD1A2BF484000FC993 /* Build configuration list for PBXProject "CSI2372-Final-Project" */;
			compatibilityVersion = "Xcode 3.2";
			developmentRegion = English;
			hasScannedForEncodings = 0;
			knownRegions = (
				en,
			);
			mainGroup = 283FB6C91A2BF484000FC993;
			productRefGroup = 283FB6D31A2BF484000FC993 /* Products */;
			projectDirPath = "";
			projectRoot = "";
			targets = (
				283FB6D11A2BF484000FC993 /* CSI2372-Final-Project */,
			);
		};
/* End PBXProject section */

/* Begin PBXSourcesBuildPhase section */
		283FB6CE1A2BF484000FC993 /* Sources */ = {
			isa = PBXSourcesBuildPhase;
			buildActionMask = 2147483647;
			files = (
				283FB6D61A2BF484000FC993 /* main.cpp in Sources */,
			);
			runOnlyForDeploymentPostprocessing = 0;
		};
/* End PBXSourcesBuildPhase section */

/* Begin XCBuildConfiguration section */
		283FB6D71A2BF484000FC993 /* Debug */ = {
			isa = XCBuildConfiguration;
			buildSettings = {
				ALWAYS_SEARCH_USER_PATHS = NO;
				CLANG_CXX_LANGUAGE_STANDARD = "gnu++0x";
				CLANG_CXX_LIBRARY = "libc++";
				CLANG_ENABLE_MODULES = YES;
				CLANG_ENABLE_OBJC_ARC = YES;
				CLANG_WARN_BOOL_CONVERSION = YES;
				CLANG_WARN_CONSTANT_CONVERSION = YES;
				CLANG_WARN_DIRECT_OBJC_ISA_USAGE = YES_ERROR;
				CLANG_WARN_EMPTY_BODY = YES;
				CLANG_WARN_ENUM_CONVERSION = YES;
				CLANG_WARN_INT_CONVERSION = YES;
				CLANG_WARN_OBJC_ROOT_CLASS = YES_ERROR;
				CLANG_WARN_UNREACHABLE_CODE = YES;
				CLANG_WARN__DUPLICATE_METHOD_MATCH = YES;
				COPY_PHASE_STRIP = NO;
				ENABLE_STRICT_OBJC_MSGSEND = YES;
				GCC_C_LANGUAGE_STANDARD = gnu99;
				GCC_DYNAMIC_NO_PIC = NO;
				GCC_OPTIMIZATION_LEVEL = 0;
				GCC_PREPROCESSOR_DEFINITIONS = (
					"DEBUG=1",
					"$(inherited)",
				);
				GCC_SYMBOLS_PRIVATE_EXTERN = NO;
				GCC_WARN_64_TO_32_BIT_CONVERSION = YES;
				GCC_WARN_ABOUT_RETURN_TYPE = YES_ERROR;
				GCC_WARN_UNDECLARED_SELECTOR = YES;
				GCC_WARN_UNINITIALIZED_AUTOS = YES_AGGRESSIVE;
				GCC_WARN_UNUSED_FUNCTION = YES;
				GCC_WARN_UNUSED_VARIABLE = YES;
				MACOSX_DEPLOYMENT_TARGET = 10.10;
				MTL_ENABLE_DEBUG_INFO = YES;
				ONLY_ACTIVE_ARCH = YES;
				SDKROOT = macosx;
			};
			name = Debug;
		};
		283FB6D81A2BF484000FC993 /* Release */ = {
			isa = XCBuildConfiguration;
			buildSettings = {
				ALWAYS_SEARCH_USER_PATHS = NO;
				CLANG_CXX_LANGUAGE_STANDARD = "gnu++0x";
				CLANG_CXX_LIBRARY = "libc++";
				CLANG_ENABLE_MODULES = YES;
				CLANG_ENABLE_OBJC_ARC = YES;
				CLANG_WARN_BOOL_CONVERSION = YES;
				CLANG_WARN_CONSTANT_CONVERSION = YES;
				CLANG_WARN_DIRECT_OBJC_ISA_USAGE = YES_ERROR;
				CLANG_WARN_EMPTY_BODY = YES;
				CLANG_WARN_ENUM_CONVERSION = YES;
				CLANG_WARN_INT_CONVERSION = YES;
				CLANG_WARN_OBJC_ROOT_CLASS = YES_ERROR;
				CLANG_WARN_UNREACHABLE_CODE = YES;
				CLANG_WARN__DUPLICATE_METHOD_MATCH = YES;
				COPY_PHASE_STRIP = YES;
				DEBUG_INFORMATION_FORMAT = "dwarf-with-dsym";
				ENABLE_NS_ASSERTIONS = NO;
				ENABLE_STRICT_OBJC_MSGSEND = YES;
				GCC_C_LANGUAGE_STANDARD = gnu99;
				GCC_WARN_64_TO_32_BIT_CONVERSION = YES;
				GCC_WARN_ABOUT_RETURN_TYPE = YES_ERROR;
				GCC_WARN_UNDECLARED_SELECTOR = YES;
				GCC_WARN_UNINITIALIZED_AUTOS = YES_AGGRESSIVE;
				GCC_WARN_UNUSED_FUNCTION = YES;
				GCC_WARN_UNUSED_VARIABLE = YES;
				MACOSX_DEPLOYMENT_TARGET = 10.10;
				MTL_ENABLE_DEBUG_INFO = NO;
				SDKROOT = macosx;
			};
			name = Release;
		};
		283FB6DA1A2BF484000FC993 /* Debug */ = {
			isa = XCBuildConfiguration;
			buildSettings = {
				PRODUCT_NAME = "$(TARGET_NAME)";
			};
			name = Debug;
		};
		283FB6DB1A2BF484000FC993 /* Release */ = {
			isa = XCBuildConfiguration;
			buildSettings = {
				PRODUCT_NAME = "$(TARGET_NAME)";
			};
			name = Release;
		};
/* End XCBuildConfiguration section */

/* Begin XCConfigurationList section */
		283FB6CD1A2BF484000FC993 /* Build configuration list for PBXProject "CSI2372-Final-Project" */ = {
			isa = XCConfigurationList;
			buildConfigurations = (
				283FB6D71A2BF484000FC993 /* Debug */,
				283FB6D81A2BF484000FC993 /* Release */,
			);
			defaultConfigurationIsVisible = 0;
			defaultConfigurationName = Release;
		};
		283FB6D91A2BF484000FC993 /* Build configuration list for PBXNativeTarget "CSI2372-Final-Project" */ = {
			isa = XCConfigurationList;
			buildConfigurations = (
				283FB6DA1A2BF484000FC993 /* Debug */,
				283FB6DB1A2BF484000FC993 /* Release */,
			);
			defaultConfigurationIsVisible = 0;
		};
/* End XCConfigurationList section */
	};
	rootObject = 283FB6CA1A2BF484000FC993 /* Project object */;
}
